// !$*UTF8*$!
{
	archiveVersion = 1;
	classes = {
	};
	objectVersion = 45;
	objects = {

/* Begin PBXBuildFile section */
		F408D50207709DF60065702D /* AudioFileListView.h in Headers */ = {isa = PBXBuildFile; fileRef = 7950D27904E864C900A4A77E /* AudioFileListView.h */; };
		F408D50507709DF60065702D /* CAGuard.h in Headers */ = {isa = PBXBuildFile; fileRef = 7972B49D04E960110048F1DA /* CAGuard.h */; };
		F408D50607709DF60065702D /* CADebugMacros.h in Headers */ = {isa = PBXBuildFile; fileRef = 7972B4A104E9604E0048F1DA /* CADebugMacros.h */; };
		F408D50707709DF60065702D /* CAException.h in Headers */ = {isa = PBXBuildFile; fileRef = 7972B4A204E9604E0048F1DA /* CAException.h */; };
		F408D50807709DF60065702D /* CAHostTimeBase.h in Headers */ = {isa = PBXBuildFile; fileRef = 7972B4A404E9604E0048F1DA /* CAHostTimeBase.h */; };
		F408D50907709DF60065702D /* CAMutex.h in Headers */ = {isa = PBXBuildFile; fileRef = A343966405ADD6D600BEB440 /* CAMutex.h */; };
		F408D50A07709DF60065702D /* CAComponent.h in Headers */ = {isa = PBXBuildFile; fileRef = 3EECC3E2076E82F1005947B9 /* CAComponent.h */; };
		F408D50B07709DF60065702D /* CAComponentDescription.h in Headers */ = {isa = PBXBuildFile; fileRef = 3EECC3E4076E82F1005947B9 /* CAComponentDescription.h */; };
		F408D50C07709DF60065702D /* CAUHWindowController.h in Headers */ = {isa = PBXBuildFile; fileRef = 3E9DB8DF076F4C07006BE739 /* CAUHWindowController.h */; };
		F408D50D07709DF60065702D /* AudioFileReceiver_Protocol.h in Headers */ = {isa = PBXBuildFile; fileRef = 3E9DC31C076F4F15006BE739 /* AudioFileReceiver_Protocol.h */; };
		F408D50F07709DF60065702D /* Info.plist in Resources */ = {isa = PBXBuildFile; fileRef = 7950D26C04E85CE100A4A77E /* Info.plist */; };
		F408D51007709DF60065702D /* MainMenu.nib in Resources */ = {isa = PBXBuildFile; fileRef = 7950D26E04E85CE100A4A77E /* MainMenu.nib */; };
		F408D51207709DF60065702D /* main.m in Sources */ = {isa = PBXBuildFile; fileRef = 7950D26604E85CBE00A4A77E /* main.m */; };
		F408D51307709DF60065702D /* AudioFileListView.m in Sources */ = {isa = PBXBuildFile; fileRef = 7950D27A04E864C900A4A77E /* AudioFileListView.m */; };
		F408D51807709DF60065702D /* CAGuard.cpp in Sources */ = {isa = PBXBuildFile; fileRef = A343966205ADD6D600BEB440 /* CAGuard.cpp */; };
		F408D51907709DF60065702D /* CAMutex.cpp in Sources */ = {isa = PBXBuildFile; fileRef = A343966305ADD6D600BEB440 /* CAMutex.cpp */; };
		F408D51A07709DF60065702D /* CAHostTimeBase.cpp in Sources */ = {isa = PBXBuildFile; fileRef = A343966805ADD70000BEB440 /* CAHostTimeBase.cpp */; };
		F408D51B07709DF60065702D /* CAComponent.cpp in Sources */ = {isa = PBXBuildFile; fileRef = 3EECC3E1076E82F1005947B9 /* CAComponent.cpp */; };
		F408D51C07709DF60065702D /* CAComponentDescription.cpp in Sources */ = {isa = PBXBuildFile; fileRef = 3EECC3E3076E82F1005947B9 /* CAComponentDescription.cpp */; };
		F408D51D07709DF60065702D /* CAUHWindowController.mm in Sources */ = {isa = PBXBuildFile; fileRef = 3E9DB8E0076F4C07006BE739 /* CAUHWindowController.mm */; };
		F408D51E07709DF60065702D /* CADebugMacros.cpp in Sources */ = {isa = PBXBuildFile; fileRef = 3E14BA6F076F4FF800B904E2 /* CADebugMacros.cpp */; };
		F408D52007709DF60065702D /* Cocoa.framework in Frameworks */ = {isa = PBXBuildFile; fileRef = 1058C7ADFEA557BF11CA2CBB /* Cocoa.framework */; };
		F408D52107709DF60065702D /* AudioToolbox.framework in Frameworks */ = {isa = PBXBuildFile; fileRef = 4C80C58C044B292500CA2588 /* AudioToolbox.framework */; };
		F408D52207709DF60065702D /* AudioUnit.framework in Frameworks */ = {isa = PBXBuildFile; fileRef = 4C80C58E044B293400CA2588 /* AudioUnit.framework */; };
		F408D52307709DF60065702D /* CoreServices.framework in Frameworks */ = {isa = PBXBuildFile; fileRef = 4CE784A604C88BBE00CA25AE /* CoreServices.framework */; };
		F408D52407709DF60065702D /* CoreAudioKit.framework in Frameworks */ = {isa = PBXBuildFile; fileRef = 3EA96572076E55F0000A5DD3 /* CoreAudioKit.framework */; };
		F791B0B20BD6E4690075E49E /* CAStreamBasicDescription.cpp in Sources */ = {isa = PBXBuildFile; fileRef = F791B0B00BD6E4690075E49E /* CAStreamBasicDescription.cpp */; };
		F791B0B30BD6E4690075E49E /* CAStreamBasicDescription.h in Headers */ = {isa = PBXBuildFile; fileRef = F791B0B10BD6E4690075E49E /* CAStreamBasicDescription.h */; };
/* End PBXBuildFile section */

/* Begin PBXFileReference section */
		089C1672FE841209C02AAC07 /* Foundation.framework */ = {isa = PBXFileReference; lastKnownFileType = wrapper.framework; name = Foundation.framework; path = /System/Library/Frameworks/Foundation.framework; sourceTree = "<absolute>"; };
		089C167FFE841241C02AAC07 /* AppKit.framework */ = {isa = PBXFileReference; lastKnownFileType = wrapper.framework; name = AppKit.framework; path = /System/Library/Frameworks/AppKit.framework; sourceTree = "<absolute>"; };
		1058C7ADFEA557BF11CA2CBB /* Cocoa.framework */ = {isa = PBXFileReference; lastKnownFileType = wrapper.framework; name = Cocoa.framework; path = /System/Library/Frameworks/Cocoa.framework; sourceTree = "<absolute>"; };
		3E14BA6F076F4FF800B904E2 /* CADebugMacros.cpp */ = {isa = PBXFileReference; fileEncoding = 30; lastKnownFileType = sourcecode.cpp.cpp; path = CADebugMacros.cpp; sourceTree = "<group>"; };
		3E9DB8DF076F4C07006BE739 /* CAUHWindowController.h */ = {isa = PBXFileReference; fileEncoding = 30; lastKnownFileType = sourcecode.c.h; name = CAUHWindowController.h; path = Source/CAUHWindowController.h; sourceTree = "<group>"; };
		3E9DB8E0076F4C07006BE739 /* CAUHWindowController.mm */ = {isa = PBXFileReference; fileEncoding = 30; lastKnownFileType = sourcecode.cpp.objcpp; name = CAUHWindowController.mm; path = Source/CAUHWindowController.mm; sourceTree = "<group>"; };
		3E9DC31C076F4F15006BE739 /* AudioFileReceiver_Protocol.h */ = {isa = PBXFileReference; fileEncoding = 30; lastKnownFileType = sourcecode.c.h; name = AudioFileReceiver_Protocol.h; path = Source/AudioFileReceiver_Protocol.h; sourceTree = "<group>"; };
		3EA96572076E55F0000A5DD3 /* CoreAudioKit.framework */ = {isa = PBXFileReference; lastKnownFileType = wrapper.framework; name = CoreAudioKit.framework; path = /System/Library/Frameworks/CoreAudioKit.framework; sourceTree = "<absolute>"; };
		3EECC3E1076E82F1005947B9 /* CAComponent.cpp */ = {isa = PBXFileReference; fileEncoding = 30; lastKnownFileType = sourcecode.cpp.cpp; path = CAComponent.cpp; sourceTree = "<group>"; };
		3EECC3E2076E82F1005947B9 /* CAComponent.h */ = {isa = PBXFileReference; fileEncoding = 30; lastKnownFileType = sourcecode.c.h; path = CAComponent.h; sourceTree = "<group>"; };
		3EECC3E3076E82F1005947B9 /* CAComponentDescription.cpp */ = {isa = PBXFileReference; fileEncoding = 30; lastKnownFileType = sourcecode.cpp.cpp; path = CAComponentDescription.cpp; sourceTree = "<group>"; };
		3EECC3E4076E82F1005947B9 /* CAComponentDescription.h */ = {isa = PBXFileReference; fileEncoding = 30; lastKnownFileType = sourcecode.c.h; path = CAComponentDescription.h; sourceTree = "<group>"; };
		4C80C58C044B292500CA2588 /* AudioToolbox.framework */ = {isa = PBXFileReference; lastKnownFileType = wrapper.framework; name = AudioToolbox.framework; path = /System/Library/Frameworks/AudioToolbox.framework; sourceTree = "<absolute>"; };
		4C80C58E044B293400CA2588 /* AudioUnit.framework */ = {isa = PBXFileReference; lastKnownFileType = wrapper.framework; name = AudioUnit.framework; path = /System/Library/Frameworks/AudioUnit.framework; sourceTree = "<absolute>"; };
		4CE784A604C88BBE00CA25AE /* CoreServices.framework */ = {isa = PBXFileReference; lastKnownFileType = wrapper.framework; name = CoreServices.framework; path = /System/Library/Frameworks/CoreServices.framework; sourceTree = "<absolute>"; };
		7950D26604E85CBE00A4A77E /* main.m */ = {isa = PBXFileReference; fileEncoding = 30; lastKnownFileType = sourcecode.c.objc; name = main.m; path = Source/main.m; sourceTree = "<group>"; };
		7950D26D04E85CE100A4A77E /* English */ = {isa = PBXFileReference; fileEncoding = 30; lastKnownFileType = text.plist; name = English; path = Resources/English.lproj/Info.plist; sourceTree = "<group>"; };
		7950D26F04E85CE100A4A77E /* English */ = {isa = PBXFileReference; lastKnownFileType = wrapper.nib; name = English; path = Resources/English.lproj/MainMenu.nib; sourceTree = "<group>"; };
		7950D27904E864C900A4A77E /* AudioFileListView.h */ = {isa = PBXFileReference; fileEncoding = 30; lastKnownFileType = sourcecode.c.h; name = AudioFileListView.h; path = Source/AudioFileListView.h; sourceTree = "<group>"; };
		7950D27A04E864C900A4A77E /* AudioFileListView.m */ = {isa = PBXFileReference; fileEncoding = 30; lastKnownFileType = sourcecode.c.objc; name = AudioFileListView.m; path = Source/AudioFileListView.m; sourceTree = "<group>"; };
		7972B49D04E960110048F1DA /* CAGuard.h */ = {isa = PBXFileReference; fileEncoding = 30; lastKnownFileType = sourcecode.c.h; path = CAGuard.h; sourceTree = "<group>"; };
		7972B4A104E9604E0048F1DA /* CADebugMacros.h */ = {isa = PBXFileReference; fileEncoding = 30; lastKnownFileType = sourcecode.c.h; path = CADebugMacros.h; sourceTree = "<group>"; };
		7972B4A204E9604E0048F1DA /* CAException.h */ = {isa = PBXFileReference; fileEncoding = 30; lastKnownFileType = sourcecode.c.h; path = CAException.h; sourceTree = "<group>"; };
		7972B4A404E9604E0048F1DA /* CAHostTimeBase.h */ = {isa = PBXFileReference; fileEncoding = 30; lastKnownFileType = sourcecode.c.h; path = CAHostTimeBase.h; sourceTree = "<group>"; };
		A343966205ADD6D600BEB440 /* CAGuard.cpp */ = {isa = PBXFileReference; fileEncoding = 30; lastKnownFileType = sourcecode.cpp.cpp; path = CAGuard.cpp; sourceTree = "<group>"; };
		A343966305ADD6D600BEB440 /* CAMutex.cpp */ = {isa = PBXFileReference; fileEncoding = 30; lastKnownFileType = sourcecode.cpp.cpp; path = CAMutex.cpp; sourceTree = "<group>"; };
		A343966405ADD6D600BEB440 /* CAMutex.h */ = {isa = PBXFileReference; fileEncoding = 30; lastKnownFileType = sourcecode.c.h; path = CAMutex.h; sourceTree = "<group>"; };
		A343966805ADD70000BEB440 /* CAHostTimeBase.cpp */ = {isa = PBXFileReference; fileEncoding = 30; lastKnownFileType = sourcecode.cpp.cpp; path = CAHostTimeBase.cpp; sourceTree = "<group>"; };
		F408D52607709DF60065702D /* Info-SmartMusic.plist */ = {isa = PBXFileReference; lastKnownFileType = text.plist.xml; path = "Info-SmartMusic.plist"; sourceTree = "<group>"; };
		F408D52707709DF60065702D /* SmartMusic.app */ = {isa = PBXFileReference; explicitFileType = wrapper.application; includeInIndex = 0; path = SmartMusic.app; sourceTree = BUILT_PRODUCTS_DIR; };
		F791B0B00BD6E4690075E49E /* CAStreamBasicDescription.cpp */ = {isa = PBXFileReference; fileEncoding = 30; lastKnownFileType = sourcecode.cpp.cpp; path = CAStreamBasicDescription.cpp; sourceTree = "<group>"; };
		F791B0B10BD6E4690075E49E /* CAStreamBasicDescription.h */ = {isa = PBXFileReference; fileEncoding = 30; lastKnownFileType = sourcecode.c.h; path = CAStreamBasicDescription.h; sourceTree = "<group>"; };
/* End PBXFileReference section */

/* Begin PBXFrameworksBuildPhase section */
		F408D51F07709DF60065702D /* Frameworks */ = {
			isa = PBXFrameworksBuildPhase;
			buildActionMask = 2147483647;
			files = (
				F408D52007709DF60065702D /* Cocoa.framework in Frameworks */,
				F408D52107709DF60065702D /* AudioToolbox.framework in Frameworks */,
				F408D52207709DF60065702D /* AudioUnit.framework in Frameworks */,
				F408D52307709DF60065702D /* CoreServices.framework in Frameworks */,
				F408D52407709DF60065702D /* CoreAudioKit.framework in Frameworks */,
			);
			runOnlyForDeploymentPostprocessing = 0;
		};
/* End PBXFrameworksBuildPhase section */

/* Begin PBXGroup section */
		089C166AFE841209C02AAC07 /* CocoaAUPluginSample */ = {
			isa = PBXGroup;
			children = (
				08FB77AFFE84173DC02AAC07 /* Classes */,
				3E9DB8F7076F4C14006BE739 /* Other Sources */,
				089C167CFE841241C02AAC07 /* Resources */,
				089C1671FE841209C02AAC07 /* Frameworks and Libraries */,
				19C28FB8FE9D52D311CA2CBB /* Products */,
				F408D52607709DF60065702D /* Info-SmartMusic.plist */,
			);
			name = CocoaAUPluginSample;
			sourceTree = "<group>";
		};
		089C1671FE841209C02AAC07 /* Frameworks and Libraries */ = {
			isa = PBXGroup;
			children = (
				1058C7ACFEA557BF11CA2CBB /* Linked Frameworks */,
				1058C7AEFEA557BF11CA2CBB /* Other Frameworks */,
			);
			name = "Frameworks and Libraries";
			sourceTree = "<group>";
		};
		089C167CFE841241C02AAC07 /* Resources */ = {
			isa = PBXGroup;
			children = (
				7950D26C04E85CE100A4A77E /* Info.plist */,
				7950D26E04E85CE100A4A77E /* MainMenu.nib */,
			);
			name = Resources;
			sourceTree = "<group>";
		};
		08FB77AFFE84173DC02AAC07 /* Classes */ = {
			isa = PBXGroup;
			children = (
				3E9DB8DF076F4C07006BE739 /* CAUHWindowController.h */,
				3E9DB8E0076F4C07006BE739 /* CAUHWindowController.mm */,
				3E9DC31C076F4F15006BE739 /* AudioFileReceiver_Protocol.h */,
				7950D27904E864C900A4A77E /* AudioFileListView.h */,
				7950D27A04E864C900A4A77E /* AudioFileListView.m */,
			);
			name = Classes;
			sourceTree = "<group>";
		};
		1058C7ACFEA557BF11CA2CBB /* Linked Frameworks */ = {
			isa = PBXGroup;
			children = (
				1058C7ADFEA557BF11CA2CBB /* Cocoa.framework */,
			);
			name = "Linked Frameworks";
			sourceTree = "<group>";
		};
		1058C7AEFEA557BF11CA2CBB /* Other Frameworks */ = {
			isa = PBXGroup;
			children = (
				3EA96572076E55F0000A5DD3 /* CoreAudioKit.framework */,
				4CE784A604C88BBE00CA25AE /* CoreServices.framework */,
				089C1672FE841209C02AAC07 /* Foundation.framework */,
				089C167FFE841241C02AAC07 /* AppKit.framework */,
				4C80C58E044B293400CA2588 /* AudioUnit.framework */,
				4C80C58C044B292500CA2588 /* AudioToolbox.framework */,
			);
			name = "Other Frameworks";
			sourceTree = "<group>";
		};
		19C28FB8FE9D52D311CA2CBB /* Products */ = {
			isa = PBXGroup;
			children = (
				F408D52707709DF60065702D /* SmartMusic.app */,
			);
			name = Products;
			sourceTree = "<group>";
		};
		3E9DB8F7076F4C14006BE739 /* Other Sources */ = {
			isa = PBXGroup;
			children = (
				7972B3E804E95F1E0048F1DA /* PublicUtility */,
				7950D26604E85CBE00A4A77E /* main.m */,
			);
			name = "Other Sources";
			sourceTree = "<group>";
		};
		7972B3E804E95F1E0048F1DA /* PublicUtility */ = {
			isa = PBXGroup;
			children = (
				F791B0B00BD6E4690075E49E /* CAStreamBasicDescription.cpp */,
				F791B0B10BD6E4690075E49E /* CAStreamBasicDescription.h */,
				3EECC3E1076E82F1005947B9 /* CAComponent.cpp */,
				3EECC3E2076E82F1005947B9 /* CAComponent.h */,
				3EECC3E3076E82F1005947B9 /* CAComponentDescription.cpp */,
				3EECC3E4076E82F1005947B9 /* CAComponentDescription.h */,
				7972B49D04E960110048F1DA /* CAGuard.h */,
				A343966205ADD6D600BEB440 /* CAGuard.cpp */,
				A343966405ADD6D600BEB440 /* CAMutex.h */,
				A343966305ADD6D600BEB440 /* CAMutex.cpp */,
				7972B4A104E9604E0048F1DA /* CADebugMacros.h */,
				3E14BA6F076F4FF800B904E2 /* CADebugMacros.cpp */,
				7972B4A204E9604E0048F1DA /* CAException.h */,
				7972B4A404E9604E0048F1DA /* CAHostTimeBase.h */,
				A343966805ADD70000BEB440 /* CAHostTimeBase.cpp */,
			);
			name = PublicUtility;
			path = Extras/CoreAudio/PublicUtility;
			sourceTree = DEVELOPER_DIR;
		};
/* End PBXGroup section */

/* Begin PBXHeadersBuildPhase section */
		F408D50107709DF60065702D /* Headers */ = {
			isa = PBXHeadersBuildPhase;
			buildActionMask = 2147483647;
			files = (
				F408D50207709DF60065702D /* AudioFileListView.h in Headers */,
				F408D50507709DF60065702D /* CAGuard.h in Headers */,
				F408D50607709DF60065702D /* CADebugMacros.h in Headers */,
				F408D50707709DF60065702D /* CAException.h in Headers */,
				F408D50807709DF60065702D /* CAHostTimeBase.h in Headers */,
				F408D50907709DF60065702D /* CAMutex.h in Headers */,
				F408D50A07709DF60065702D /* CAComponent.h in Headers */,
				F408D50B07709DF60065702D /* CAComponentDescription.h in Headers */,
				F408D50C07709DF60065702D /* CAUHWindowController.h in Headers */,
				F408D50D07709DF60065702D /* AudioFileReceiver_Protocol.h in Headers */,
				F791B0B30BD6E4690075E49E /* CAStreamBasicDescription.h in Headers */,
			);
			runOnlyForDeploymentPostprocessing = 0;
		};
/* End PBXHeadersBuildPhase section */

/* Begin PBXNativeTarget section */
		F408D50007709DF60065702D /* SmartMusic */ = {
			isa = PBXNativeTarget;
			buildConfigurationList = 3E4D9CAB08980E400066D958 /* Build configuration list for PBXNativeTarget "SmartMusic" */;
			buildPhases = (
				F408D50107709DF60065702D /* Headers */,
				F408D50E07709DF60065702D /* Resources */,
				F408D51107709DF60065702D /* Sources */,
				F408D51F07709DF60065702D /* Frameworks */,
				F408D52507709DF60065702D /* Rez */,
			);
			buildRules = (
			);
			dependencies = (
			);
			name = SmartMusic;
			productInstallPath = "$(USER_APPS_DIR)";
			productName = HostApp;
			productReference = F408D52707709DF60065702D /* SmartMusic.app */;
			productType = "com.apple.product-type.application";
		};
/* End PBXNativeTarget section */

/* Begin PBXProject section */
		089C1669FE841209C02AAC07 /* Project object */ = {
			isa = PBXProject;
			buildConfigurationList = 3E4D9CAF08980E400066D958 /* Build configuration list for PBXProject "SmartMusic" */;
			compatibilityVersion = "Xcode 3.1";
			hasScannedForEncodings = 1;
			mainGroup = 089C166AFE841209C02AAC07 /* CocoaAUPluginSample */;
			projectDirPath = "";
			projectRoot = "";
			targets = (
				F408D50007709DF60065702D /* SmartMusic */,
			);
		};
/* End PBXProject section */

/* Begin PBXResourcesBuildPhase section */
		F408D50E07709DF60065702D /* Resources */ = {
			isa = PBXResourcesBuildPhase;
			buildActionMask = 2147483647;
			files = (
				F408D50F07709DF60065702D /* Info.plist in Resources */,
				F408D51007709DF60065702D /* MainMenu.nib in Resources */,
			);
			runOnlyForDeploymentPostprocessing = 0;
		};
/* End PBXResourcesBuildPhase section */

/* Begin PBXRezBuildPhase section */
		F408D52507709DF60065702D /* Rez */ = {
			isa = PBXRezBuildPhase;
			buildActionMask = 2147483647;
			files = (
			);
			runOnlyForDeploymentPostprocessing = 0;
		};
/* End PBXRezBuildPhase section */

/* Begin PBXSourcesBuildPhase section */
		F408D51107709DF60065702D /* Sources */ = {
			isa = PBXSourcesBuildPhase;
			buildActionMask = 2147483647;
			files = (
				F408D51207709DF60065702D /* main.m in Sources */,
				F408D51307709DF60065702D /* AudioFileListView.m in Sources */,
				F408D51807709DF60065702D /* CAGuard.cpp in Sources */,
				F408D51907709DF60065702D /* CAMutex.cpp in Sources */,
				F408D51A07709DF60065702D /* CAHostTimeBase.cpp in Sources */,
				F408D51B07709DF60065702D /* CAComponent.cpp in Sources */,
				F408D51C07709DF60065702D /* CAComponentDescription.cpp in Sources */,
				F408D51D07709DF60065702D /* CAUHWindowController.mm in Sources */,
				F408D51E07709DF60065702D /* CADebugMacros.cpp in Sources */,
				F791B0B20BD6E4690075E49E /* CAStreamBasicDescription.cpp in Sources */,
			);
			runOnlyForDeploymentPostprocessing = 0;
		};
/* End PBXSourcesBuildPhase section */

/* Begin PBXVariantGroup section */
		7950D26C04E85CE100A4A77E /* Info.plist */ = {
			isa = PBXVariantGroup;
			children = (
				7950D26D04E85CE100A4A77E /* English */,
			);
			name = Info.plist;
			sourceTree = "<group>";
		};
		7950D26E04E85CE100A4A77E /* MainMenu.nib */ = {
			isa = PBXVariantGroup;
			children = (
				7950D26F04E85CE100A4A77E /* English */,
			);
			name = MainMenu.nib;
			sourceTree = "<group>";
		};
/* End PBXVariantGroup section */

/* Begin XCBuildConfiguration section */
		3E4D9CAC08980E400066D958 /* Development */ = {
			isa = XCBuildConfiguration;
			buildSettings = {
				GCC_OPTIMIZATION_LEVEL = 0;
				INFOPLIST_FILE = "Info-SmartMusic.plist";
				PRODUCT_NAME = SmartMusic;
				WARNING_CFLAGS = (
					"-Wmost",
					"-Wno-four-char-constants",
					"-Wno-unknown-pragmas",
				);
				WRAPPER_EXTENSION = app;
			};
			name = Development;
		};
		3E4D9CAD08980E400066D958 /* Deployment */ = {
			isa = XCBuildConfiguration;
			buildSettings = {
				INFOPLIST_FILE = "Info-SmartMusic.plist";
				PRODUCT_NAME = SmartMusic;
				WARNING_CFLAGS = (
					"-Wmost",
					"-Wno-four-char-constants",
					"-Wno-unknown-pragmas",
				);
				WRAPPER_EXTENSION = app;
			};
			name = Deployment;
		};
		3E4D9CAE08980E400066D958 /* Default */ = {
			isa = XCBuildConfiguration;
			buildSettings = {
				INFOPLIST_FILE = "Info-SmartMusic.plist";
				PRODUCT_NAME = SmartMusic;
				WARNING_CFLAGS = (
					"-Wmost",
					"-Wno-four-char-constants",
					"-Wno-unknown-pragmas",
				);
				WRAPPER_EXTENSION = app;
			};
			name = Default;
		};
		3E4D9CB008980E400066D958 /* Development */ = {
			isa = XCBuildConfiguration;
			buildSettings = {
				MACOSX_DEPLOYMENT_TARGET = 10.5;
				SDKROOT = macosx10.5;
			};
			name = Development;
		};
		3E4D9CB108980E400066D958 /* Deployment */ = {
			isa = XCBuildConfiguration;
			buildSettings = {
				ARCHS = (
					i386,
					ppc,
					ppc64,
					x86_64,
				);
				MACOSX_DEPLOYMENT_TARGET = 10.5;
				SDKROOT = macosx10.5;
			};
			name = Deployment;
		};
		3E4D9CB208980E400066D958 /* Default */ = {
			isa = XCBuildConfiguration;
			buildSettings = {
				MACOSX_DEPLOYMENT_TARGET = 10.5;
				SDKROOT = macosx10.5;
			};
			name = Default;
		};
/* End XCBuildConfiguration section */

/* Begin XCConfigurationList section */
		3E4D9CAB08980E400066D958 /* Build configuration list for PBXNativeTarget "SmartMusic" */ = {
			isa = XCConfigurationList;
			buildConfigurations = (
				3E4D9CAC08980E400066D958 /* Development */,
				3E4D9CAD08980E400066D958 /* Deployment */,
				3E4D9CAE08980E400066D958 /* Default */,
			);
			defaultConfigurationIsVisible = 0;
			defaultConfigurationName = Default;
		};
		3E4D9CAF08980E400066D958 /* Build configuration list for PBXProject "SmartMusic" */ = {
			isa = XCConfigurationList;
			buildConfigurations = (
				3E4D9CB008980E400066D958 /* Development */,
				3E4D9CB108980E400066D958 /* Deployment */,
				3E4D9CB208980E400066D958 /* Default */,
			);
			defaultConfigurationIsVisible = 0;
			defaultConfigurationName = Default;
		};
/* End XCConfigurationList section */
	};
	rootObject = 089C1669FE841209C02AAC07 /* Project object */;
}
